
Microsoft Visual Studio Solution File, Format Version 12.00
# Visual Studio 15
VisualStudioVersion = 15.0.26403.0
MinimumVisualStudioVersion = 10.0.40219.1
Project("{FAE04EC0-301F-11D3-BF4B-00C04F79EFBC}") = "01.Shellbound", "01.Shellbound\01.Shellbound.csproj", "{BECFCC93-41F9-4222-A915-F99727D6F6BA}"
EndProject
Project("{FAE04EC0-301F-11D3-BF4B-00C04F79EFBC}") = "02. Dict-Ref-Advanced", "02. Dict-Ref-Advanced\02. Dict-Ref-Advanced.csproj", "{E6889BB5-2F45-41F9-94ED-C5BA600CC6DB}"
EndProject
Project("{FAE04EC0-301F-11D3-BF4B-00C04F79EFBC}") = "03. Forum Topics", "03. Forum Topics\03. Forum Topics.csproj", "{14498167-2822-40EF-A543-87877E365308}"
EndProject
Project("{FAE04EC0-301F-11D3-BF4B-00C04F79EFBC}") = "04. Social Media Posts", "04. Social Media Posts\04. Social Media Posts.csproj", "{25709357-786E-4026-A082-FE5E1B8DA801}"
EndProject
Global
	GlobalSection(SolutionConfigurationPlatforms) = preSolution
		Debug|Any CPU = Debug|Any CPU
		Release|Any CPU = Release|Any CPU
	EndGlobalSection
	GlobalSection(ProjectConfigurationPlatforms) = postSolution
		{BECFCC93-41F9-4222-A915-F99727D6F6BA}.Debug|Any CPU.ActiveCfg = Debug|Any CPU
		{BECFCC93-41F9-4222-A915-F99727D6F6BA}.Debug|Any CPU.Build.0 = Debug|Any CPU
		{BECFCC93-41F9-4222-A915-F99727D6F6BA}.Release|Any CPU.ActiveCfg = Release|Any CPU
		{BECFCC93-41F9-4222-A915-F99727D6F6BA}.Release|Any CPU.Build.0 = Release|Any CPU
		{E6889BB5-2F45-41F9-94ED-C5BA600CC6DB}.Debug|Any CPU.ActiveCfg = Debug|Any CPU
		{E6889BB5-2F45-41F9-94ED-C5BA600CC6DB}.Debug|Any CPU.Build.0 = Debug|Any CPU
		{E6889BB5-2F45-41F9-94ED-C5BA600CC6DB}.Release|Any CPU.ActiveCfg = Release|Any CPU
		{E6889BB5-2F45-41F9-94ED-C5BA600CC6DB}.Release|Any CPU.Build.0 = Release|Any CPU
		{14498167-2822-40EF-A543-87877E365308}.Debug|Any CPU.ActiveCfg = Debug|Any CPU
		{14498167-2822-40EF-A543-87877E365308}.Debug|Any CPU.Build.0 = Debug|Any CPU
		{14498167-2822-40EF-A543-87877E365308}.Release|Any CPU.ActiveCfg = Release|Any CPU
		{14498167-2822-40EF-A543-87877E365308}.Release|Any CPU.Build.0 = Release|Any CPU
		{25709357-786E-4026-A082-FE5E1B8DA801}.Debug|Any CPU.ActiveCfg = Debug|Any CPU
		{25709357-786E-4026-A082-FE5E1B8DA801}.Debug|Any CPU.Build.0 = Debug|Any CPU
		{25709357-786E-4026-A082-FE5E1B8DA801}.Release|Any CPU.ActiveCfg = Release|Any CPU
		{25709357-786E-4026-A082-FE5E1B8DA801}.Release|Any CPU.Build.0 = Release|Any CPU
	EndGlobalSection
	GlobalSection(SolutionProperties) = preSolution
		HideSolutionNode = FALSE
	EndGlobalSection
EndGlobal
