
Microsoft Visual Studio Solution File, Format Version 12.00
# Visual Studio 15
VisualStudioVersion = 15.0.26403.0
MinimumVisualStudioVersion = 10.0.40219.1
Project("{FAE04EC0-301F-11D3-BF4B-00C04F79EFBC}") = "01. Count Real Numbers", "DictionariesMoreTraining\01. Count Real Numbers\01. Count Real Numbers.csproj", "{AC2698A9-E8E7-4F57-98B2-2E24602C5795}"
EndProject
Project("{FAE04EC0-301F-11D3-BF4B-00C04F79EFBC}") = "02. Odd Occurrences", "02. Odd Occurrences\02. Odd Occurrences.csproj", "{6C8231B7-CDD2-45FE-BB1D-CE8D8C7F152F}"
EndProject
Global
	GlobalSection(SolutionConfigurationPlatforms) = preSolution
		Debug|Any CPU = Debug|Any CPU
		Release|Any CPU = Release|Any CPU
	EndGlobalSection
	GlobalSection(ProjectConfigurationPlatforms) = postSolution
		{AC2698A9-E8E7-4F57-98B2-2E24602C5795}.Debug|Any CPU.ActiveCfg = Debug|Any CPU
		{AC2698A9-E8E7-4F57-98B2-2E24602C5795}.Debug|Any CPU.Build.0 = Debug|Any CPU
		{AC2698A9-E8E7-4F57-98B2-2E24602C5795}.Release|Any CPU.ActiveCfg = Release|Any CPU
		{AC2698A9-E8E7-4F57-98B2-2E24602C5795}.Release|Any CPU.Build.0 = Release|Any CPU
		{6C8231B7-CDD2-45FE-BB1D-CE8D8C7F152F}.Debug|Any CPU.ActiveCfg = Debug|Any CPU
		{6C8231B7-CDD2-45FE-BB1D-CE8D8C7F152F}.Debug|Any CPU.Build.0 = Debug|Any CPU
		{6C8231B7-CDD2-45FE-BB1D-CE8D8C7F152F}.Release|Any CPU.ActiveCfg = Release|Any CPU
		{6C8231B7-CDD2-45FE-BB1D-CE8D8C7F152F}.Release|Any CPU.Build.0 = Release|Any CPU
	EndGlobalSection
	GlobalSection(SolutionProperties) = preSolution
		HideSolutionNode = FALSE
	EndGlobalSection
EndGlobal
