
Microsoft Visual Studio Solution File, Format Version 12.00
# Visual Studio 15
VisualStudioVersion = 15.0.26403.0
MinimumVisualStudioVersion = 10.0.40219.1
Project("{FAE04EC0-301F-11D3-BF4B-00C04F79EFBC}") = "02. Odd Occurrences", "02. Odd Occurrences\02. Odd Occurrences.csproj", "{6C8231B7-CDD2-45FE-BB1D-CE8D8C7F152F}"
EndProject
Project("{FAE04EC0-301F-11D3-BF4B-00C04F79EFBC}") = "01. Letter Repetition", "01. Letter Repetition\01. Letter Repetition.csproj", "{F11E8FB9-495F-4E65-A687-D577C022D190}"
EndProject
Project("{FAE04EC0-301F-11D3-BF4B-00C04F79EFBC}") = "01. Count Real Numbers", "01. Count Real Numbers\01. Count Real Numbers.csproj", "{AC2698A9-E8E7-4F57-98B2-2E24602C5795}"
EndProject
Project("{FAE04EC0-301F-11D3-BF4B-00C04F79EFBC}") = "02. Dict-Ref", "02. Dict-Ref\02. Dict-Ref.csproj", "{A3796408-4A1F-49E6-925C-ADBFE0ED173C}"
EndProject
Project("{FAE04EC0-301F-11D3-BF4B-00C04F79EFBC}") = "03. Mixed Phones", "03. Mixed Phones\03. Mixed Phones.csproj", "{B8AA2FD1-185B-40B9-9EF3-49B779D7BC55}"
EndProject
Project("{FAE04EC0-301F-11D3-BF4B-00C04F79EFBC}") = "04. Exam Shopping", "04. Exam Shopping\04. Exam Shopping.csproj", "{9F8C3FB7-34CB-4314-A300-42CD2B07DDB9}"
EndProject
Global
	GlobalSection(SolutionConfigurationPlatforms) = preSolution
		Debug|Any CPU = Debug|Any CPU
		Release|Any CPU = Release|Any CPU
	EndGlobalSection
	GlobalSection(ProjectConfigurationPlatforms) = postSolution
		{6C8231B7-CDD2-45FE-BB1D-CE8D8C7F152F}.Debug|Any CPU.ActiveCfg = Debug|Any CPU
		{6C8231B7-CDD2-45FE-BB1D-CE8D8C7F152F}.Debug|Any CPU.Build.0 = Debug|Any CPU
		{6C8231B7-CDD2-45FE-BB1D-CE8D8C7F152F}.Release|Any CPU.ActiveCfg = Release|Any CPU
		{6C8231B7-CDD2-45FE-BB1D-CE8D8C7F152F}.Release|Any CPU.Build.0 = Release|Any CPU
		{F11E8FB9-495F-4E65-A687-D577C022D190}.Debug|Any CPU.ActiveCfg = Debug|Any CPU
		{F11E8FB9-495F-4E65-A687-D577C022D190}.Debug|Any CPU.Build.0 = Debug|Any CPU
		{F11E8FB9-495F-4E65-A687-D577C022D190}.Release|Any CPU.ActiveCfg = Release|Any CPU
		{F11E8FB9-495F-4E65-A687-D577C022D190}.Release|Any CPU.Build.0 = Release|Any CPU
		{AC2698A9-E8E7-4F57-98B2-2E24602C5795}.Debug|Any CPU.ActiveCfg = Debug|Any CPU
		{AC2698A9-E8E7-4F57-98B2-2E24602C5795}.Debug|Any CPU.Build.0 = Debug|Any CPU
		{AC2698A9-E8E7-4F57-98B2-2E24602C5795}.Release|Any CPU.ActiveCfg = Release|Any CPU
		{AC2698A9-E8E7-4F57-98B2-2E24602C5795}.Release|Any CPU.Build.0 = Release|Any CPU
		{A3796408-4A1F-49E6-925C-ADBFE0ED173C}.Debug|Any CPU.ActiveCfg = Debug|Any CPU
		{A3796408-4A1F-49E6-925C-ADBFE0ED173C}.Debug|Any CPU.Build.0 = Debug|Any CPU
		{A3796408-4A1F-49E6-925C-ADBFE0ED173C}.Release|Any CPU.ActiveCfg = Release|Any CPU
		{A3796408-4A1F-49E6-925C-ADBFE0ED173C}.Release|Any CPU.Build.0 = Release|Any CPU
		{B8AA2FD1-185B-40B9-9EF3-49B779D7BC55}.Debug|Any CPU.ActiveCfg = Debug|Any CPU
		{B8AA2FD1-185B-40B9-9EF3-49B779D7BC55}.Debug|Any CPU.Build.0 = Debug|Any CPU
		{B8AA2FD1-185B-40B9-9EF3-49B779D7BC55}.Release|Any CPU.ActiveCfg = Release|Any CPU
		{B8AA2FD1-185B-40B9-9EF3-49B779D7BC55}.Release|Any CPU.Build.0 = Release|Any CPU
		{9F8C3FB7-34CB-4314-A300-42CD2B07DDB9}.Debug|Any CPU.ActiveCfg = Debug|Any CPU
		{9F8C3FB7-34CB-4314-A300-42CD2B07DDB9}.Debug|Any CPU.Build.0 = Debug|Any CPU
		{9F8C3FB7-34CB-4314-A300-42CD2B07DDB9}.Release|Any CPU.ActiveCfg = Release|Any CPU
		{9F8C3FB7-34CB-4314-A300-42CD2B07DDB9}.Release|Any CPU.Build.0 = Release|Any CPU
	EndGlobalSection
	GlobalSection(SolutionProperties) = preSolution
		HideSolutionNode = FALSE
	EndGlobalSection
EndGlobal
